
Microsoft Visual Studio Solution File, Format Version 12.00
# Visual Studio Version 17
VisualStudioVersion = 17.8.34511.84
MinimumVisualStudioVersion = 10.0.40219.1
Project("{FAE04EC0-301F-11D3-BF4B-00C04F79EFBC}") = "Mvc_CRUD", "Mvc_CRUD\Mvc_CRUD.csproj", "{5CE8EBC6-340F-4E88-B4D9-3909D3A01729}"
EndProject
Global
	GlobalSection(SolutionConfigurationPlatforms) = preSolution
		Debug|Any CPU = Debug|Any CPU
		Release|Any CPU = Release|Any CPU
	EndGlobalSection
	GlobalSection(ProjectConfigurationPlatforms) = postSolution
		{5CE8EBC6-340F-4E88-B4D9-3909D3A01729}.Debug|Any CPU.ActiveCfg = Debug|Any CPU
		{5CE8EBC6-340F-4E88-B4D9-3909D3A01729}.Debug|Any CPU.Build.0 = Debug|Any CPU
		{5CE8EBC6-340F-4E88-B4D9-3909D3A01729}.Release|Any CPU.ActiveCfg = Release|Any CPU
		{5CE8EBC6-340F-4E88-B4D9-3909D3A01729}.Release|Any CPU.Build.0 = Release|Any CPU
	EndGlobalSection
	GlobalSection(SolutionProperties) = preSolution
		HideSolutionNode = FALSE
	EndGlobalSection
	GlobalSection(ExtensibilityGlobals) = postSolution
		SolutionGuid = {965791B1-25D1-48D2-A51A-7B7A6B985ABA}
	EndGlobalSection
EndGlobal
